
Microsoft Visual Studio Solution File, Format Version 12.00
# Visual Studio Version 17
VisualStudioVersion = 17.2.32526.322
MinimumVisualStudioVersion = 10.0.40219.1
Project("{FAE04EC0-301F-11D3-BF4B-00C04F79EFBC}") = "WindowsFormsApp3", "WindowsFormsApp3\WindowsFormsApp3.csproj", "{C85F106A-C743-4ADC-8885-C1BCCA243FAA}"
EndProject
Global
	GlobalSection(SolutionConfigurationPlatforms) = preSolution
		Debug|Any CPU = Debug|Any CPU
		Release|Any CPU = Release|Any CPU
	EndGlobalSection
	GlobalSection(ProjectConfigurationPlatforms) = postSolution
		{C85F106A-C743-4ADC-8885-C1BCCA243FAA}.Debug|Any CPU.ActiveCfg = Debug|Any CPU
		{C85F106A-C743-4ADC-8885-C1BCCA243FAA}.Debug|Any CPU.Build.0 = Debug|Any CPU
		{C85F106A-C743-4ADC-8885-C1BCCA243FAA}.Release|Any CPU.ActiveCfg = Release|Any CPU
		{C85F106A-C743-4ADC-8885-C1BCCA243FAA}.Release|Any CPU.Build.0 = Release|Any CPU
	EndGlobalSection
	GlobalSection(SolutionProperties) = preSolution
		HideSolutionNode = FALSE
	EndGlobalSection
	GlobalSection(ExtensibilityGlobals) = postSolution
		SolutionGuid = {FA48E5DE-97E8-49CE-83BC-4607FF4C0F6B}
	EndGlobalSection
EndGlobal
